
Microsoft Visual Studio Solution File, Format Version 10.00
# Visual Studio 2008
Project("{8BC9CEB8-8B4A-11D0-8D11-00A0C91BC942}") = "RenmasAPI", "RenmasAPI\RenmasAPI.vcproj", "{82B0157D-89E9-4A42-ACAA-4014A7797BEB}"
EndProject
Global
	GlobalSection(SolutionConfigurationPlatforms) = preSolution
		Debug|Win32 = Debug|Win32
		Release|Win32 = Release|Win32
	EndGlobalSection
	GlobalSection(ProjectConfigurationPlatforms) = postSolution
		{82B0157D-89E9-4A42-ACAA-4014A7797BEB}.Debug|Win32.ActiveCfg = Debug|Win32
		{82B0157D-89E9-4A42-ACAA-4014A7797BEB}.Debug|Win32.Build.0 = Debug|Win32
		{82B0157D-89E9-4A42-ACAA-4014A7797BEB}.Release|Win32.ActiveCfg = Release|Win32
		{82B0157D-89E9-4A42-ACAA-4014A7797BEB}.Release|Win32.Build.0 = Release|Win32
	EndGlobalSection
	GlobalSection(SolutionProperties) = preSolution
		HideSolutionNode = FALSE
	EndGlobalSection
EndGlobal
